
Microsoft Visual Studio Solution File, Format Version 12.00
# Visual Studio Version 17
VisualStudioVersion = 17.7.34003.232
MinimumVisualStudioVersion = 10.0.40219.1
Project("{FAE04EC0-301F-11D3-BF4B-00C04F79EFBC}") = "Background_Alert_Quantower", "Background_Alert_Quantower.csproj", "{39EF9824-FF8F-4B29-8E5D-402E0249A20A}"
EndProject
Global
	GlobalSection(SolutionConfigurationPlatforms) = preSolution
		Debug|Any CPU = Debug|Any CPU
		Release|Any CPU = Release|Any CPU
	EndGlobalSection
	GlobalSection(ProjectConfigurationPlatforms) = postSolution
		{39EF9824-FF8F-4B29-8E5D-402E0249A20A}.Debug|Any CPU.ActiveCfg = Debug|Any CPU
		{39EF9824-FF8F-4B29-8E5D-402E0249A20A}.Debug|Any CPU.Build.0 = Debug|Any CPU
		{39EF9824-FF8F-4B29-8E5D-402E0249A20A}.Release|Any CPU.ActiveCfg = Release|Any CPU
		{39EF9824-FF8F-4B29-8E5D-402E0249A20A}.Release|Any CPU.Build.0 = Release|Any CPU
	EndGlobalSection
	GlobalSection(SolutionProperties) = preSolution
		HideSolutionNode = FALSE
	EndGlobalSection
	GlobalSection(ExtensibilityGlobals) = postSolution
		SolutionGuid = {09E9C5ED-A796-4C57-986B-0274F892DD67}
	EndGlobalSection
EndGlobal
